
Microsoft Visual Studio Solution File, Format Version 12.00
# Visual Studio Version 17
VisualStudioVersion = 17.11.35222.181
MinimumVisualStudioVersion = 10.0.40219.1
Project("{FAE04EC0-301F-11D3-BF4B-00C04F79EFBC}") = "ArmstrongNumber", "ArmstrongNumber.csproj", "{224B1EB1-3509-49C9-BBEF-D25C2B01FBE0}"
EndProject
Global
	GlobalSection(SolutionConfigurationPlatforms) = preSolution
		Debug|Any CPU = Debug|Any CPU
		Release|Any CPU = Release|Any CPU
	EndGlobalSection
	GlobalSection(ProjectConfigurationPlatforms) = postSolution
		{224B1EB1-3509-49C9-BBEF-D25C2B01FBE0}.Debug|Any CPU.ActiveCfg = Debug|Any CPU
		{224B1EB1-3509-49C9-BBEF-D25C2B01FBE0}.Debug|Any CPU.Build.0 = Debug|Any CPU
		{224B1EB1-3509-49C9-BBEF-D25C2B01FBE0}.Release|Any CPU.ActiveCfg = Release|Any CPU
		{224B1EB1-3509-49C9-BBEF-D25C2B01FBE0}.Release|Any CPU.Build.0 = Release|Any CPU
	EndGlobalSection
	GlobalSection(SolutionProperties) = preSolution
		HideSolutionNode = FALSE
	EndGlobalSection
	GlobalSection(ExtensibilityGlobals) = postSolution
		SolutionGuid = {7E75B0CF-86A2-4EAC-AD7D-FB80CADB5503}
	EndGlobalSection
EndGlobal
